
Microsoft Visual Studio Solution File, Format Version 11.00
# Visual C# Express 2010
Project("{FAE04EC0-301F-11D3-BF4B-00C04F79EFBC}") = "libls", "libls\libls.csproj", "{2D66B1F7-66C5-43DA-A09E-D431DF4306B7}"
EndProject
Project("{FAE04EC0-301F-11D3-BF4B-00C04F79EFBC}") = "ls", "ls\ls.csproj", "{9E7E8D61-E841-4A0D-98F8-A5A6107FDF5E}"
EndProject
Global
	GlobalSection(SolutionConfigurationPlatforms) = preSolution
		Debug|Any CPU = Debug|Any CPU
		Debug|Mixed Platforms = Debug|Mixed Platforms
		Debug|x86 = Debug|x86
		Release|Any CPU = Release|Any CPU
		Release|Mixed Platforms = Release|Mixed Platforms
		Release|x86 = Release|x86
	EndGlobalSection
	GlobalSection(ProjectConfigurationPlatforms) = postSolution
		{2D66B1F7-66C5-43DA-A09E-D431DF4306B7}.Debug|Any CPU.ActiveCfg = Debug|Any CPU
		{2D66B1F7-66C5-43DA-A09E-D431DF4306B7}.Debug|Any CPU.Build.0 = Debug|Any CPU
		{2D66B1F7-66C5-43DA-A09E-D431DF4306B7}.Debug|Mixed Platforms.ActiveCfg = Debug|Any CPU
		{2D66B1F7-66C5-43DA-A09E-D431DF4306B7}.Debug|Mixed Platforms.Build.0 = Debug|Any CPU
		{2D66B1F7-66C5-43DA-A09E-D431DF4306B7}.Debug|x86.ActiveCfg = Debug|Any CPU
		{2D66B1F7-66C5-43DA-A09E-D431DF4306B7}.Release|Any CPU.ActiveCfg = Release|Any CPU
		{2D66B1F7-66C5-43DA-A09E-D431DF4306B7}.Release|Any CPU.Build.0 = Release|Any CPU
		{2D66B1F7-66C5-43DA-A09E-D431DF4306B7}.Release|Mixed Platforms.ActiveCfg = Release|Any CPU
		{2D66B1F7-66C5-43DA-A09E-D431DF4306B7}.Release|Mixed Platforms.Build.0 = Release|Any CPU
		{2D66B1F7-66C5-43DA-A09E-D431DF4306B7}.Release|x86.ActiveCfg = Release|Any CPU
		{9E7E8D61-E841-4A0D-98F8-A5A6107FDF5E}.Debug|Any CPU.ActiveCfg = Debug|x86
		{9E7E8D61-E841-4A0D-98F8-A5A6107FDF5E}.Debug|Mixed Platforms.ActiveCfg = Debug|x86
		{9E7E8D61-E841-4A0D-98F8-A5A6107FDF5E}.Debug|Mixed Platforms.Build.0 = Debug|x86
		{9E7E8D61-E841-4A0D-98F8-A5A6107FDF5E}.Debug|x86.ActiveCfg = Debug|x86
		{9E7E8D61-E841-4A0D-98F8-A5A6107FDF5E}.Debug|x86.Build.0 = Debug|x86
		{9E7E8D61-E841-4A0D-98F8-A5A6107FDF5E}.Release|Any CPU.ActiveCfg = Release|x86
		{9E7E8D61-E841-4A0D-98F8-A5A6107FDF5E}.Release|Mixed Platforms.ActiveCfg = Release|x86
		{9E7E8D61-E841-4A0D-98F8-A5A6107FDF5E}.Release|Mixed Platforms.Build.0 = Release|x86
		{9E7E8D61-E841-4A0D-98F8-A5A6107FDF5E}.Release|x86.ActiveCfg = Release|x86
		{9E7E8D61-E841-4A0D-98F8-A5A6107FDF5E}.Release|x86.Build.0 = Release|x86
	EndGlobalSection
	GlobalSection(SolutionProperties) = preSolution
		HideSolutionNode = FALSE
	EndGlobalSection
EndGlobal
